
Microsoft Visual Studio Solution File, Format Version 12.00
# Visual Studio Version 16
VisualStudioVersion = 16.0.31424.327
MinimumVisualStudioVersion = 10.0.40219.1
Project("{FAE04EC0-301F-11D3-BF4B-00C04F79EFBC}") = "PlaneamientoCDP", "PlaneamientoCDP\PlaneamientoCDP.csproj", "{ED27B137-DC94-408B-B983-8E9A5986758D}"
EndProject
Project("{FAE04EC0-301F-11D3-BF4B-00C04F79EFBC}") = "GPNETv4", "..\..\Librerias\Lib4.5v4\GPNETv4\GPNETv4.csproj", "{4835BF05-D023-45B3-84C3-B2BCBBB37C43}"
EndProject
Global
	GlobalSection(SolutionConfigurationPlatforms) = preSolution
		Debug|Any CPU = Debug|Any CPU
		Release|Any CPU = Release|Any CPU
	EndGlobalSection
	GlobalSection(ProjectConfigurationPlatforms) = postSolution
		{ED27B137-DC94-408B-B983-8E9A5986758D}.Debug|Any CPU.ActiveCfg = Debug|Any CPU
		{ED27B137-DC94-408B-B983-8E9A5986758D}.Debug|Any CPU.Build.0 = Debug|Any CPU
		{ED27B137-DC94-408B-B983-8E9A5986758D}.Release|Any CPU.ActiveCfg = Release|Any CPU
		{ED27B137-DC94-408B-B983-8E9A5986758D}.Release|Any CPU.Build.0 = Release|Any CPU
		{4835BF05-D023-45B3-84C3-B2BCBBB37C43}.Debug|Any CPU.ActiveCfg = Debug|Any CPU
		{4835BF05-D023-45B3-84C3-B2BCBBB37C43}.Debug|Any CPU.Build.0 = Debug|Any CPU
		{4835BF05-D023-45B3-84C3-B2BCBBB37C43}.Release|Any CPU.ActiveCfg = Release|Any CPU
		{4835BF05-D023-45B3-84C3-B2BCBBB37C43}.Release|Any CPU.Build.0 = Release|Any CPU
	EndGlobalSection
	GlobalSection(SolutionProperties) = preSolution
		HideSolutionNode = FALSE
	EndGlobalSection
	GlobalSection(ExtensibilityGlobals) = postSolution
		SolutionGuid = {0AB6CF58-AF0A-4D7B-8772-877D67DA3753}
	EndGlobalSection
	GlobalSection(TeamFoundationVersionControl) = preSolution
		SccNumberOfProjects = 3
		SccEnterpriseProvider = {4CA58AB2-18FA-4F8D-95D4-32DDF27D184C}
		SccTeamFoundationServer = https://dev.azure.com/georgejeffry
		SccLocalPath0 = .
		SccProjectUniqueName1 = ..\\..\\Librerias\\Lib4.5v4\\GPNETv4\\GPNETv4.csproj
		SccProjectName1 = ../../Librerias/Lib4.5v4/GPNETv4
		SccLocalPath1 = ..\\..\\Librerias\\Lib4.5v4\\GPNETv4
		SccProjectUniqueName2 = PlaneamientoCDP\\PlaneamientoCDP.csproj
		SccProjectName2 = PlaneamientoCDP
		SccLocalPath2 = PlaneamientoCDP
	EndGlobalSection
EndGlobal
